// !$*UTF8*$!
{
	archiveVersion = 1;
	classes = {
	};
	objectVersion = 46;
	objects = {

/* Begin PBXBuildFile section */
		C12D8E771EF2C4820070C26C /* ItemDetailsVC.swift in Sources */ = {isa = PBXBuildFile; fileRef = C12D8E761EF2C4820070C26C /* ItemDetailsVC.swift */; };
		C12D8E791EF2C7C00070C26C /* CustomTextField.swift in Sources */ = {isa = PBXBuildFile; fileRef = C12D8E781EF2C7C00070C26C /* CustomTextField.swift */; };
		C1F2B9E91EF174290025451D /* AppDelegate.swift in Sources */ = {isa = PBXBuildFile; fileRef = C1F2B9E81EF174290025451D /* AppDelegate.swift */; };
		C1F2B9EB1EF174290025451D /* MainVC.swift in Sources */ = {isa = PBXBuildFile; fileRef = C1F2B9EA1EF174290025451D /* MainVC.swift */; };
		C1F2B9EE1EF174290025451D /* Main.storyboard in Resources */ = {isa = PBXBuildFile; fileRef = C1F2B9EC1EF174290025451D /* Main.storyboard */; };
		C1F2B9F11EF174290025451D /* DreamLister.xcdatamodeld in Sources */ = {isa = PBXBuildFile; fileRef = C1F2B9EF1EF174290025451D /* DreamLister.xcdatamodeld */; };
		C1F2B9F31EF174290025451D /* Assets.xcassets in Resources */ = {isa = PBXBuildFile; fileRef = C1F2B9F21EF174290025451D /* Assets.xcassets */; };
		C1F2B9F61EF174290025451D /* LaunchScreen.storyboard in Resources */ = {isa = PBXBuildFile; fileRef = C1F2B9F41EF174290025451D /* LaunchScreen.storyboard */; };
		C1F2BA031EF183C10025451D /* MaterialView.swift in Sources */ = {isa = PBXBuildFile; fileRef = C1F2BA021EF183C10025451D /* MaterialView.swift */; };
		C1F2BA051EF188B30025451D /* ItemCell.swift in Sources */ = {isa = PBXBuildFile; fileRef = C1F2BA041EF188B30025451D /* ItemCell.swift */; };
/* End PBXBuildFile section */

/* Begin PBXFileReference section */
		C12D8E761EF2C4820070C26C /* ItemDetailsVC.swift */ = {isa = PBXFileReference; fileEncoding = 4; lastKnownFileType = sourcecode.swift; path = ItemDetailsVC.swift; sourceTree = "<group>"; };
		C12D8E781EF2C7C00070C26C /* CustomTextField.swift */ = {isa = PBXFileReference; fileEncoding = 4; lastKnownFileType = sourcecode.swift; path = CustomTextField.swift; sourceTree = "<group>"; };
		C1F2B9E51EF174290025451D /* DreamLister.app */ = {isa = PBXFileReference; explicitFileType = wrapper.application; includeInIndex = 0; path = DreamLister.app; sourceTree = BUILT_PRODUCTS_DIR; };
		C1F2B9E81EF174290025451D /* AppDelegate.swift */ = {isa = PBXFileReference; lastKnownFileType = sourcecode.swift; path = AppDelegate.swift; sourceTree = "<group>"; };
		C1F2B9EA1EF174290025451D /* MainVC.swift */ = {isa = PBXFileReference; lastKnownFileType = sourcecode.swift; path = MainVC.swift; sourceTree = "<group>"; };
		C1F2B9ED1EF174290025451D /* Base */ = {isa = PBXFileReference; lastKnownFileType = file.storyboard; name = Base; path = Base.lproj/Main.storyboard; sourceTree = "<group>"; };
		C1F2B9F01EF174290025451D /* DreamLister.xcdatamodel */ = {isa = PBXFileReference; lastKnownFileType = wrapper.xcdatamodel; path = DreamLister.xcdatamodel; sourceTree = "<group>"; };
		C1F2B9F21EF174290025451D /* Assets.xcassets */ = {isa = PBXFileReference; lastKnownFileType = folder.assetcatalog; path = Assets.xcassets; sourceTree = "<group>"; };
		C1F2B9F51EF174290025451D /* Base */ = {isa = PBXFileReference; lastKnownFileType = file.storyboard; name = Base; path = Base.lproj/LaunchScreen.storyboard; sourceTree = "<group>"; };
		C1F2B9F71EF174290025451D /* Info.plist */ = {isa = PBXFileReference; lastKnownFileType = text.plist.xml; path = Info.plist; sourceTree = "<group>"; };
		C1F2BA021EF183C10025451D /* MaterialView.swift */ = {isa = PBXFileReference; fileEncoding = 4; lastKnownFileType = sourcecode.swift; path = MaterialView.swift; sourceTree = "<group>"; };
		C1F2BA041EF188B30025451D /* ItemCell.swift */ = {isa = PBXFileReference; fileEncoding = 4; lastKnownFileType = sourcecode.swift; path = ItemCell.swift; sourceTree = "<group>"; };
/* End PBXFileReference section */

/* Begin PBXFrameworksBuildPhase section */
		C1F2B9E21EF174290025451D /* Frameworks */ = {
			isa = PBXFrameworksBuildPhase;
			buildActionMask = 2147483647;
			files = (
			);
			runOnlyForDeploymentPostprocessing = 0;
		};
/* End PBXFrameworksBuildPhase section */

/* Begin PBXGroup section */
		C12D8E751EF2C4540070C26C /* Controller */ = {
			isa = PBXGroup;
			children = (
				C1F2B9EA1EF174290025451D /* MainVC.swift */,
				C12D8E761EF2C4820070C26C /* ItemDetailsVC.swift */,
			);
			name = Controller;
			sourceTree = "<group>";
		};
		C1F2B9DC1EF174290025451D = {
			isa = PBXGroup;
			children = (
				C1F2B9E71EF174290025451D /* DreamLister */,
				C1F2B9E61EF174290025451D /* Products */,
			);
			sourceTree = "<group>";
		};
		C1F2B9E61EF174290025451D /* Products */ = {
			isa = PBXGroup;
			children = (
				C1F2B9E51EF174290025451D /* DreamLister.app */,
			);
			name = Products;
			sourceTree = "<group>";
		};
		C1F2B9E71EF174290025451D /* DreamLister */ = {
			isa = PBXGroup;
			children = (
				C1F2BA011EF183A60025451D /* View */,
				C12D8E751EF2C4540070C26C /* Controller */,
				C1F2B9E81EF174290025451D /* AppDelegate.swift */,
				C1F2B9EC1EF174290025451D /* Main.storyboard */,
				C1F2B9F21EF174290025451D /* Assets.xcassets */,
				C1F2B9F41EF174290025451D /* LaunchScreen.storyboard */,
				C1F2B9F71EF174290025451D /* Info.plist */,
				C1F2B9EF1EF174290025451D /* DreamLister.xcdatamodeld */,
			);
			path = DreamLister;
			sourceTree = "<group>";
		};
		C1F2BA011EF183A60025451D /* View */ = {
			isa = PBXGroup;
			children = (
				C1F2BA021EF183C10025451D /* MaterialView.swift */,
				C1F2BA041EF188B30025451D /* ItemCell.swift */,
				C12D8E781EF2C7C00070C26C /* CustomTextField.swift */,
			);
			name = View;
			sourceTree = "<group>";
		};
/* End PBXGroup section */

/* Begin PBXNativeTarget section */
		C1F2B9E41EF174290025451D /* DreamLister */ = {
			isa = PBXNativeTarget;
			buildConfigurationList = C1F2B9FA1EF174290025451D /* Build configuration list for PBXNativeTarget "DreamLister" */;
			buildPhases = (
				C1F2B9E11EF174290025451D /* Sources */,
				C1F2B9E21EF174290025451D /* Frameworks */,
				C1F2B9E31EF174290025451D /* Resources */,
			);
			buildRules = (
			);
			dependencies = (
			);
			name = DreamLister;
			productName = DreamLister;
			productReference = C1F2B9E51EF174290025451D /* DreamLister.app */;
			productType = "com.apple.product-type.application";
		};
/* End PBXNativeTarget section */

/* Begin PBXProject section */
		C1F2B9DD1EF174290025451D /* Project object */ = {
			isa = PBXProject;
			attributes = {
				LastSwiftUpdateCheck = 0830;
				LastUpgradeCheck = 0830;
				ORGANIZATIONNAME = "Luis Manuel Ramirez Vargas";
				TargetAttributes = {
					C1F2B9E41EF174290025451D = {
						CreatedOnToolsVersion = 8.3.3;
						DevelopmentTeam = 6WHDE42R62;
						ProvisioningStyle = Automatic;
					};
				};
			};
			buildConfigurationList = C1F2B9E01EF174290025451D /* Build configuration list for PBXProject "DreamLister" */;
			compatibilityVersion = "Xcode 3.2";
			developmentRegion = English;
			hasScannedForEncodings = 0;
			knownRegions = (
				en,
				Base,
			);
			mainGroup = C1F2B9DC1EF174290025451D;
			productRefGroup = C1F2B9E61EF174290025451D /* Products */;
			projectDirPath = "";
			projectRoot = "";
			targets = (
				C1F2B9E41EF174290025451D /* DreamLister */,
			);
		};
/* End PBXProject section */

/* Begin PBXResourcesBuildPhase section */
		C1F2B9E31EF174290025451D /* Resources */ = {
			isa = PBXResourcesBuildPhase;
			buildActionMask = 2147483647;
			files = (
				C1F2B9F61EF174290025451D /* LaunchScreen.storyboard in Resources */,
				C1F2B9F31EF174290025451D /* Assets.xcassets in Resources */,
				C1F2B9EE1EF174290025451D /* Main.storyboard in Resources */,
			);
			runOnlyForDeploymentPostprocessing = 0;
		};
/* End PBXResourcesBuildPhase section */

/* Begin PBXSourcesBuildPhase section */
		C1F2B9E11EF174290025451D /* Sources */ = {
			isa = PBXSourcesBuildPhase;
			buildActionMask = 2147483647;
			files = (
				C12D8E791EF2C7C00070C26C /* CustomTextField.swift in Sources */,
				C12D8E771EF2C4820070C26C /* ItemDetailsVC.swift in Sources */,
				C1F2B9EB1EF174290025451D /* MainVC.swift in Sources */,
				C1F2B9E91EF174290025451D /* AppDelegate.swift in Sources */,
				C1F2B9F11EF174290025451D /* DreamLister.xcdatamodeld in Sources */,
				C1F2BA031EF183C10025451D /* MaterialView.swift in Sources */,
				C1F2BA051EF188B30025451D /* ItemCell.swift in Sources */,
			);
			runOnlyForDeploymentPostprocessing = 0;
		};
/* End PBXSourcesBuildPhase section */

/* Begin PBXVariantGroup section */
		C1F2B9EC1EF174290025451D /* Main.storyboard */ = {
			isa = PBXVariantGroup;
			children = (
				C1F2B9ED1EF174290025451D /* Base */,
			);
			name = Main.storyboard;
			sourceTree = "<group>";
		};
		C1F2B9F41EF174290025451D /* LaunchScreen.storyboard */ = {
			isa = PBXVariantGroup;
			children = (
				C1F2B9F51EF174290025451D /* Base */,
			);
			name = LaunchScreen.storyboard;
			sourceTree = "<group>";
		};
/* End PBXVariantGroup section */

/* Begin XCBuildConfiguration section */
		C1F2B9F81EF174290025451D /* Debug */ = {
			isa = XCBuildConfiguration;
			buildSettings = {
				ALWAYS_SEARCH_USER_PATHS = NO;
				CLANG_ANALYZER_NONNULL = YES;
				CLANG_ANALYZER_NUMBER_OBJECT_CONVERSION = YES_AGGRESSIVE;
				CLANG_CXX_LANGUAGE_STANDARD = "gnu++0x";
				CLANG_CXX_LIBRARY = "libc++";
				CLANG_ENABLE_MODULES = YES;
				CLANG_ENABLE_OBJC_ARC = YES;
				CLANG_WARN_BOOL_CONVERSION = YES;
				CLANG_WARN_CONSTANT_CONVERSION = YES;
				CLANG_WARN_DIRECT_OBJC_ISA_USAGE = YES_ERROR;
				CLANG_WARN_DOCUMENTATION_COMMENTS = YES;
				CLANG_WARN_EMPTY_BODY = YES;
				CLANG_WARN_ENUM_CONVERSION = YES;
				CLANG_WARN_INFINITE_RECURSION = YES;
				CLANG_WARN_INT_CONVERSION = YES;
				CLANG_WARN_OBJC_ROOT_CLASS = YES_ERROR;
				CLANG_WARN_SUSPICIOUS_MOVE = YES;
				CLANG_WARN_UNREACHABLE_CODE = YES;
				CLANG_WARN__DUPLICATE_METHOD_MATCH = YES;
				"CODE_SIGN_IDENTITY[sdk=iphoneos*]" = "iPhone Developer";
				COPY_PHASE_STRIP = NO;
				DEBUG_INFORMATION_FORMAT = dwarf;
				ENABLE_STRICT_OBJC_MSGSEND = YES;
				ENABLE_TESTABILITY = YES;
				GCC_C_LANGUAGE_STANDARD = gnu99;
				GCC_DYNAMIC_NO_PIC = NO;
				GCC_NO_COMMON_BLOCKS = YES;
				GCC_OPTIMIZATION_LEVEL = 0;
				GCC_PREPROCESSOR_DEFINITIONS = (
					"DEBUG=1",
					"$(inherited)",
				);
				GCC_WARN_64_TO_32_BIT_CONVERSION = YES;
				GCC_WARN_ABOUT_RETURN_TYPE = YES_ERROR;
				GCC_WARN_UNDECLARED_SELECTOR = YES;
				GCC_WARN_UNINITIALIZED_AUTOS = YES_AGGRESSIVE;
				GCC_WARN_UNUSED_FUNCTION = YES;
				GCC_WARN_UNUSED_VARIABLE = YES;
				IPHONEOS_DEPLOYMENT_TARGET = 10.3;
				MTL_ENABLE_DEBUG_INFO = YES;
				ONLY_ACTIVE_ARCH = YES;
				SDKROOT = iphoneos;
				SWIFT_ACTIVE_COMPILATION_CONDITIONS = DEBUG;
				SWIFT_OPTIMIZATION_LEVEL = "-Onone";
			};
			name = Debug;
		};
		C1F2B9F91EF174290025451D /* Release */ = {
			isa = XCBuildConfiguration;
			buildSettings = {
				ALWAYS_SEARCH_USER_PATHS = NO;
				CLANG_ANALYZER_NONNULL = YES;
				CLANG_ANALYZER_NUMBER_OBJECT_CONVERSION = YES_AGGRESSIVE;
				CLANG_CXX_LANGUAGE_STANDARD = "gnu++0x";
				CLANG_CXX_LIBRARY = "libc++";
				CLANG_ENABLE_MODULES = YES;
				CLANG_ENABLE_OBJC_ARC = YES;
				CLANG_WARN_BOOL_CONVERSION = YES;
				CLANG_WARN_CONSTANT_CONVERSION = YES;
				CLANG_WARN_DIRECT_OBJC_ISA_USAGE = YES_ERROR;
				CLANG_WARN_DOCUMENTATION_COMMENTS = YES;
				CLANG_WARN_EMPTY_BODY = YES;
				CLANG_WARN_ENUM_CONVERSION = YES;
				CLANG_WARN_INFINITE_RECURSION = YES;
				CLANG_WARN_INT_CONVERSION = YES;
				CLANG_WARN_OBJC_ROOT_CLASS = YES_ERROR;
				CLANG_WARN_SUSPICIOUS_MOVE = YES;
				CLANG_WARN_UNREACHABLE_CODE = YES;
				CLANG_WARN__DUPLICATE_METHOD_MATCH = YES;
				"CODE_SIGN_IDENTITY[sdk=iphoneos*]" = "iPhone Developer";
				COPY_PHASE_STRIP = NO;
				DEBUG_INFORMATION_FORMAT = "dwarf-with-dsym";
				ENABLE_NS_ASSERTIONS = NO;
				ENABLE_STRICT_OBJC_MSGSEND = YES;
				GCC_C_LANGUAGE_STANDARD = gnu99;
				GCC_NO_COMMON_BLOCKS = YES;
				GCC_WARN_64_TO_32_BIT_CONVERSION = YES;
				GCC_WARN_ABOUT_RETURN_TYPE = YES_ERROR;
				GCC_WARN_UNDECLARED_SELECTOR = YES;
				GCC_WARN_UNINITIALIZED_AUTOS = YES_AGGRESSIVE;
				GCC_WARN_UNUSED_FUNCTION = YES;
				GCC_WARN_UNUSED_VARIABLE = YES;
				IPHONEOS_DEPLOYMENT_TARGET = 10.3;
				MTL_ENABLE_DEBUG_INFO = NO;
				SDKROOT = iphoneos;
				SWIFT_OPTIMIZATION_LEVEL = "-Owholemodule";
				VALIDATE_PRODUCT = YES;
			};
			name = Release;
		};
		C1F2B9FB1EF174290025451D /* Debug */ = {
			isa = XCBuildConfiguration;
			buildSettings = {
				ASSETCATALOG_COMPILER_APPICON_NAME = AppIcon;
				DEVELOPMENT_TEAM = 6WHDE42R62;
				INFOPLIST_FILE = DreamLister/Info.plist;
				LD_RUNPATH_SEARCH_PATHS = "$(inherited) @executable_path/Frameworks";
				PRODUCT_BUNDLE_IDENTIFIER = luismdeveloper.com.DreamLister;
				PRODUCT_NAME = "$(TARGET_NAME)";
				SWIFT_VERSION = 3.0;
			};
			name = Debug;
		};
		C1F2B9FC1EF174290025451D /* Release */ = {
			isa = XCBuildConfiguration;
			buildSettings = {
				ASSETCATALOG_COMPILER_APPICON_NAME = AppIcon;
				DEVELOPMENT_TEAM = 6WHDE42R62;
				INFOPLIST_FILE = DreamLister/Info.plist;
				LD_RUNPATH_SEARCH_PATHS = "$(inherited) @executable_path/Frameworks";
				PRODUCT_BUNDLE_IDENTIFIER = luismdeveloper.com.DreamLister;
				PRODUCT_NAME = "$(TARGET_NAME)";
				SWIFT_VERSION = 3.0;
			};
			name = Release;
		};
/* End XCBuildConfiguration section */

/* Begin XCConfigurationList section */
		C1F2B9E01EF174290025451D /* Build configuration list for PBXProject "DreamLister" */ = {
			isa = XCConfigurationList;
			buildConfigurations = (
				C1F2B9F81EF174290025451D /* Debug */,
				C1F2B9F91EF174290025451D /* Release */,
			);
			defaultConfigurationIsVisible = 0;
			defaultConfigurationName = Release;
		};
		C1F2B9FA1EF174290025451D /* Build configuration list for PBXNativeTarget "DreamLister" */ = {
			isa = XCConfigurationList;
			buildConfigurations = (
				C1F2B9FB1EF174290025451D /* Debug */,
				C1F2B9FC1EF174290025451D /* Release */,
			);
			defaultConfigurationIsVisible = 0;
			defaultConfigurationName = Release;
		};
/* End XCConfigurationList section */

/* Begin XCVersionGroup section */
		C1F2B9EF1EF174290025451D /* DreamLister.xcdatamodeld */ = {
			isa = XCVersionGroup;
			children = (
				C1F2B9F01EF174290025451D /* DreamLister.xcdatamodel */,
			);
			currentVersion = C1F2B9F01EF174290025451D /* DreamLister.xcdatamodel */;
			path = DreamLister.xcdatamodeld;
			sourceTree = "<group>";
			versionGroupType = wrapper.xcdatamodel;
		};
/* End XCVersionGroup section */
	};
	rootObject = C1F2B9DD1EF174290025451D /* Project object */;
}
